{
  "originHash" : "3f9b3df06759a1924591c34cb759287ee32953f805d01acf6184f9dca89c8a7e",
  "pins" : [
    {
      "identity" : "ios-sdk",
      "kind" : "remoteSourceControl",
      "location" : "https://github.com/spotify/ios-sdk",
      "state" : {
        "branch" : "master",
        "revision" : "af71ec0bcf3baa7ec88c72119b7fdf65eb91fd67"
      }
    },
    {
      "identity" : "loaderui",
      "kind" : "remoteSourceControl",
      "location" : "https://github.com/ninjaprox/LoaderUI.git",
      "state" : {
        "revision" : "1b8ad2dfb06080ffcc51a74da0aeba56a0f7b877",
        "version" : "0.2.1"
      }
    },
    {
      "identity" : "marqueetext",
      "kind" : "remoteSourceControl",
      "location" : "https://github.com/joekndy/MarqueeText.git",
      "state" : {
        "branch" : "master",
        "revision" : "e18d514455563ad00581e0d825146c6f15b1c6c4"
      }
    },
    {
      "identity" : "parse-swift",
      "kind" : "remoteSourceControl",
      "location" : "https://github.com/parse-community/Parse-Swift.git",
      "state" : {
        "revision" : "dc7666f774755be333f48f25c4d8bead0a1a6877",
        "version" : "4.14.2"
      }
    }
  ],
  "version" : 3
}
